
Microsoft Visual Studio Solution File, Format Version 12.00
# Visual Studio Version 16
VisualStudioVersion = 16.0.28917.182
MinimumVisualStudioVersion = 10.0.40219.1
Project("{FAE04EC0-301F-11D3-BF4B-00C04F79EFBC}") = "WebApplication9", "WebApplication9\WebApplication9.csproj", "{0BEEC23D-615C-460A-BC42-3C4C15B0001A}"
EndProject
Global
	GlobalSection(SolutionConfigurationPlatforms) = preSolution
		Debug|Any CPU = Debug|Any CPU
		Release|Any CPU = Release|Any CPU
	EndGlobalSection
	GlobalSection(ProjectConfigurationPlatforms) = postSolution
		{0BEEC23D-615C-460A-BC42-3C4C15B0001A}.Debug|Any CPU.ActiveCfg = Debug|Any CPU
		{0BEEC23D-615C-460A-BC42-3C4C15B0001A}.Debug|Any CPU.Build.0 = Debug|Any CPU
		{0BEEC23D-615C-460A-BC42-3C4C15B0001A}.Release|Any CPU.ActiveCfg = Release|Any CPU
		{0BEEC23D-615C-460A-BC42-3C4C15B0001A}.Release|Any CPU.Build.0 = Release|Any CPU
	EndGlobalSection
	GlobalSection(SolutionProperties) = preSolution
		HideSolutionNode = FALSE
	EndGlobalSection
	GlobalSection(ExtensibilityGlobals) = postSolution
		SolutionGuid = {D5C419CD-D3A5-4238-92C2-5265D00327E2}
	EndGlobalSection
EndGlobal
